// !$*UTF8*$!
{
	archiveVersion = 1;
	classes = {
	};
	objectVersion = 46;
	objects = {

/* Begin PBXBuildFile section */
		3E6A74031C2933DD00F2F707 /* video_barrage_off_highlight.png in Resources */ = {isa = PBXBuildFile; fileRef = 3E6A73F81C2933DD00F2F707 /* video_barrage_off_highlight.png */; };
		3E6A74041C2933DD00F2F707 /* video_barrage_off.png in Resources */ = {isa = PBXBuildFile; fileRef = 3E6A73F91C2933DD00F2F707 /* video_barrage_off.png */; };
		3E6A74051C2933DD00F2F707 /* video_barrage.png in Resources */ = {isa = PBXBuildFile; fileRef = 3E6A73FA1C2933DD00F2F707 /* video_barrage.png */; };
		3E6A74061C2933DD00F2F707 /* video_create.png in Resources */ = {isa = PBXBuildFile; fileRef = 3E6A73FB1C2933DD00F2F707 /* video_create.png */; };
		3E6A74071C2933DD00F2F707 /* video_like_highlight.png in Resources */ = {isa = PBXBuildFile; fileRef = 3E6A73FC1C2933DD00F2F707 /* video_like_highlight.png */; };
		3E6A74081C2933DD00F2F707 /* video_like.png in Resources */ = {isa = PBXBuildFile; fileRef = 3E6A73FD1C2933DD00F2F707 /* video_like.png */; };
		3E6A74091C2933DD00F2F707 /* video_next.png in Resources */ = {isa = PBXBuildFile; fileRef = 3E6A73FE1C2933DD00F2F707 /* video_next.png */; };
		3E6A740A1C2933DD00F2F707 /* video_profile.png in Resources */ = {isa = PBXBuildFile; fileRef = 3E6A73FF1C2933DD00F2F707 /* video_profile.png */; };
		3E6A740B1C2933DD00F2F707 /* video_push_blue.png in Resources */ = {isa = PBXBuildFile; fileRef = 3E6A74001C2933DD00F2F707 /* video_push_blue.png */; };
		3E6A740C1C2933DD00F2F707 /* video_push_red.png in Resources */ = {isa = PBXBuildFile; fileRef = 3E6A74011C2933DD00F2F707 /* video_push_red.png */; };
		3E6A740D1C2933DD00F2F707 /* video_push_yellow.png in Resources */ = {isa = PBXBuildFile; fileRef = 3E6A74021C2933DD00F2F707 /* video_push_yellow.png */; };
		3E8E6AAC1C181AF500897F03 /* soundViewController.m in Sources */ = {isa = PBXBuildFile; fileRef = 3E8E6AAB1C181AF500897F03 /* soundViewController.m */; };
		3EA42B471C1D1E2D006D0CB7 /* sceneViewController.m in Sources */ = {isa = PBXBuildFile; fileRef = 3EA42B461C1D1E2D006D0CB7 /* sceneViewController.m */; };
		3EA42B4A1C1D2CCD006D0CB7 /* postViewController.m in Sources */ = {isa = PBXBuildFile; fileRef = 3EA42B491C1D2CCD006D0CB7 /* postViewController.m */; };
		3EBBC1941C1539BB008C53CB /* MAMapKit.framework in Frameworks */ = {isa = PBXBuildFile; fileRef = 3EBBC1931C1539BB008C53CB /* MAMapKit.framework */; };
		3EBBC1961C1539C6008C53CB /* AMapSearchKit.framework in Frameworks */ = {isa = PBXBuildFile; fileRef = 3EBBC1951C1539C6008C53CB /* AMapSearchKit.framework */; };
		4DE17127B550BF5C66B1D71E /* libPods.a in Frameworks */ = {isa = PBXBuildFile; fileRef = 75A56768EEA638E15239E03D /* libPods.a */; };
		B81A65441BEDD0E2008116E9 /* main.m in Sources */ = {isa = PBXBuildFile; fileRef = B81A65431BEDD0E2008116E9 /* main.m */; };
		B81A65471BEDD0E2008116E9 /* AppDelegate.m in Sources */ = {isa = PBXBuildFile; fileRef = B81A65461BEDD0E2008116E9 /* AppDelegate.m */; };
		B81A655A1BEDD14A008116E9 /* Default-568h@2x.png in Resources */ = {isa = PBXBuildFile; fileRef = B81A65591BEDD14A008116E9 /* Default-568h@2x.png */; };
		B81A655D1BEDD163008116E9 /* ProjectDeclare in Resources */ = {isa = PBXBuildFile; fileRef = B81A655C1BEDD163008116E9 /* ProjectDeclare */; };
		B81A65821BEDD19A008116E9 /* DataCenterManager.m in Sources */ = {isa = PBXBuildFile; fileRef = B81A65621BEDD19A008116E9 /* DataCenterManager.m */; };
		B81A65831BEDD19A008116E9 /* MainViewController.m in Sources */ = {isa = PBXBuildFile; fileRef = B81A65651BEDD19A008116E9 /* MainViewController.m */; };
		B81A65841BEDD19A008116E9 /* AppUser.m in Sources */ = {isa = PBXBuildFile; fileRef = B81A65681BEDD19A008116E9 /* AppUser.m */; };
		B81A65871BEDD19A008116E9 /* NetWorkManager.m in Sources */ = {isa = PBXBuildFile; fileRef = B81A656F1BEDD19A008116E9 /* NetWorkManager.m */; };
		B81A65881BEDD19A008116E9 /* NSDictionary+Utils.m in Sources */ = {isa = PBXBuildFile; fileRef = B81A65731BEDD19A008116E9 /* NSDictionary+Utils.m */; };
		B81A65891BEDD19A008116E9 /* PodsUsage in Resources */ = {isa = PBXBuildFile; fileRef = B81A65741BEDD19A008116E9 /* PodsUsage */; };
		B81A658A1BEDD19A008116E9 /* Tools.m in Sources */ = {isa = PBXBuildFile; fileRef = B81A65761BEDD19A008116E9 /* Tools.m */; };
		B81A658B1BEDD19A008116E9 /* UIView+Sizes.m in Sources */ = {isa = PBXBuildFile; fileRef = B81A65781BEDD19A008116E9 /* UIView+Sizes.m */; };
		B81A658D1BEDD19A008116E9 /* ExampleDemo in Resources */ = {isa = PBXBuildFile; fileRef = B81A657C1BEDD19A008116E9 /* ExampleDemo */; };
		B86D9D4B1C170EAB00D844B7 /* map_create.png in Resources */ = {isa = PBXBuildFile; fileRef = B86D9D3F1C170EAB00D844B7 /* map_create.png */; };
		B86D9D4C1C170EAB00D844B7 /* map_history.png in Resources */ = {isa = PBXBuildFile; fileRef = B86D9D401C170EAB00D844B7 /* map_history.png */; };
		B86D9D4D1C170EAB00D844B7 /* map_live.png in Resources */ = {isa = PBXBuildFile; fileRef = B86D9D411C170EAB00D844B7 /* map_live.png */; };
		B86D9D4E1C170EAB00D844B7 /* map_location.png in Resources */ = {isa = PBXBuildFile; fileRef = B86D9D421C170EAB00D844B7 /* map_location.png */; };
		B86D9D4F1C170EAB00D844B7 /* map_positioning.png in Resources */ = {isa = PBXBuildFile; fileRef = B86D9D431C170EAB00D844B7 /* map_positioning.png */; };
		B86D9D501C170EAB00D844B7 /* map_profile.png in Resources */ = {isa = PBXBuildFile; fileRef = B86D9D441C170EAB00D844B7 /* map_profile.png */; };
		B86D9D511C170EAB00D844B7 /* map_pull_down.png in Resources */ = {isa = PBXBuildFile; fileRef = B86D9D451C170EAB00D844B7 /* map_pull_down.png */; };
		B86D9D521C170EAB00D844B7 /* map_pull_up.png in Resources */ = {isa = PBXBuildFile; fileRef = B86D9D461C170EAB00D844B7 /* map_pull_up.png */; };
		B86D9D531C170EAB00D844B7 /* map_pull@2x.png in Resources */ = {isa = PBXBuildFile; fileRef = B86D9D471C170EAB00D844B7 /* map_pull@2x.png */; };
		B86D9D541C170EAB00D844B7 /* map_range.png in Resources */ = {isa = PBXBuildFile; fileRef = B86D9D481C170EAB00D844B7 /* map_range.png */; };
		B86D9D591C171CD900D844B7 /* map_background@2x.png in Resources */ = {isa = PBXBuildFile; fileRef = B86D9D581C171CD900D844B7 /* map_background@2x.png */; };
		B86D9D5C1C171F6200D844B7 /* PulsingHaloLayer.m in Sources */ = {isa = PBXBuildFile; fileRef = B86D9D5B1C171F6200D844B7 /* PulsingHaloLayer.m */; };
		B87ADA351C250CCB00C841A5 /* navigationbar_bg.png in Resources */ = {isa = PBXBuildFile; fileRef = B87ADA341C250CCB00C841A5 /* navigationbar_bg.png */; };
		B87ADA711C268D3A00C841A5 /* UINavigationBar+Awesome.m in Sources */ = {isa = PBXBuildFile; fileRef = B87ADA701C268D3A00C841A5 /* UINavigationBar+Awesome.m */; };
		B87ADA741C2690E800C841A5 /* UserCenterViewController.m in Sources */ = {isa = PBXBuildFile; fileRef = B87ADA731C2690E800C841A5 /* UserCenterViewController.m */; };
		B87ADA771C2690F200C841A5 /* ProfileViewController.m in Sources */ = {isa = PBXBuildFile; fileRef = B87ADA761C2690F200C841A5 /* ProfileViewController.m */; };
		B87ADA7A1C2695FD00C841A5 /* history_found.png in Resources */ = {isa = PBXBuildFile; fileRef = B87ADA781C2695FD00C841A5 /* history_found.png */; };
		B87ADA7B1C2695FD00C841A5 /* history_time.png in Resources */ = {isa = PBXBuildFile; fileRef = B87ADA791C2695FD00C841A5 /* history_time.png */; };
		B87ADA811C26960800C841A5 /* history_like_highlight.png in Resources */ = {isa = PBXBuildFile; fileRef = B87ADA7C1C26960800C841A5 /* history_like_highlight.png */; };
		B87ADA821C26960800C841A5 /* history_like.png in Resources */ = {isa = PBXBuildFile; fileRef = B87ADA7D1C26960800C841A5 /* history_like.png */; };
		B87ADA831C26960800C841A5 /* history_mark.png in Resources */ = {isa = PBXBuildFile; fileRef = B87ADA7E1C26960800C841A5 /* history_mark.png */; };
		B87ADA841C26960800C841A5 /* history_send.png in Resources */ = {isa = PBXBuildFile; fileRef = B87ADA7F1C26960800C841A5 /* history_send.png */; };
		B87ADA851C26960800C841A5 /* history_trophy.png in Resources */ = {isa = PBXBuildFile; fileRef = B87ADA801C26960800C841A5 /* history_trophy.png */; };
		B87ADA881C26964500C841A5 /* profile_more.png in Resources */ = {isa = PBXBuildFile; fileRef = B87ADA861C26964500C841A5 /* profile_more.png */; };
		B87ADA891C26964500C841A5 /* profile_play.png in Resources */ = {isa = PBXBuildFile; fileRef = B87ADA871C26964500C841A5 /* profile_play.png */; };
		B87ADA8E1C26965D00C841A5 /* feed_follow_highlight.png in Resources */ = {isa = PBXBuildFile; fileRef = B87ADA8A1C26965D00C841A5 /* feed_follow_highlight.png */; };
		B87ADA8F1C26965D00C841A5 /* feed_follow.png in Resources */ = {isa = PBXBuildFile; fileRef = B87ADA8B1C26965D00C841A5 /* feed_follow.png */; };
		B87ADA901C26965D00C841A5 /* feed_mine.png in Resources */ = {isa = PBXBuildFile; fileRef = B87ADA8C1C26965D00C841A5 /* feed_mine.png */; };
		B87ADA911C26965D00C841A5 /* feed_plus.png in Resources */ = {isa = PBXBuildFile; fileRef = B87ADA8D1C26965D00C841A5 /* feed_plus.png */; };
		B87ADA941C26985200C841A5 /* ImageMultiLineIncident.m in Sources */ = {isa = PBXBuildFile; fileRef = B87ADA931C26985200C841A5 /* ImageMultiLineIncident.m */; };
		B87ADA971C269B9600C841A5 /* MultiIncidentScrollView.m in Sources */ = {isa = PBXBuildFile; fileRef = B87ADA961C269B9600C841A5 /* MultiIncidentScrollView.m */; };
		B87ADA9A1C26A9A700C841A5 /* ProfileHeaderView.m in Sources */ = {isa = PBXBuildFile; fileRef = B87ADA991C26A9A700C841A5 /* ProfileHeaderView.m */; };
		B87ADA9D1C26B07E00C841A5 /* MultiIncidentTableViewCell.m in Sources */ = {isa = PBXBuildFile; fileRef = B87ADA9C1C26B07E00C841A5 /* MultiIncidentTableViewCell.m */; };
		B8929CB11C27D17D0073E4BD /* OnelineView.m in Sources */ = {isa = PBXBuildFile; fileRef = B8929CB01C27D17D0073E4BD /* OnelineView.m */; };
		B8929CB41C27D3A70073E4BD /* CommontView.m in Sources */ = {isa = PBXBuildFile; fileRef = B8929CB31C27D3A70073E4BD /* CommontView.m */; };
		B8929CB71C27D9E60073E4BD /* NewPullView.m in Sources */ = {isa = PBXBuildFile; fileRef = B8929CB61C27D9E60073E4BD /* NewPullView.m */; };
		B8929CBA1C27DB5E0073E4BD /* IncidentViewNew.m in Sources */ = {isa = PBXBuildFile; fileRef = B8929CB91C27DB5E0073E4BD /* IncidentViewNew.m */; };
		B8929CBD1C27EE7C0073E4BD /* UserIncidentTableViewCell.m in Sources */ = {isa = PBXBuildFile; fileRef = B8929CBC1C27EE7C0073E4BD /* UserIncidentTableViewCell.m */; };
		B8929CC01C27EF0C0073E4BD /* UserIncidentView.m in Sources */ = {isa = PBXBuildFile; fileRef = B8929CBF1C27EF0C0073E4BD /* UserIncidentView.m */; };
		B8929CC31C27FE5F0073E4BD /* HistoryHeadView.m in Sources */ = {isa = PBXBuildFile; fileRef = B8929CC21C27FE5F0073E4BD /* HistoryHeadView.m */; };
		B8929CC61C2800DA0073E4BD /* HistoryDetailTableViewCell.m in Sources */ = {isa = PBXBuildFile; fileRef = B8929CC51C2800DA0073E4BD /* HistoryDetailTableViewCell.m */; };
		B8E651BC1C2502C00064ED01 /* HistoryViewController.m in Sources */ = {isa = PBXBuildFile; fileRef = B8E651BB1C2502C00064ED01 /* HistoryViewController.m */; };
		B8E651BF1C2502CD0064ED01 /* HistoryDetailViewController.m in Sources */ = {isa = PBXBuildFile; fileRef = B8E651BE1C2502CD0064ED01 /* HistoryDetailViewController.m */; };
		B8E651C11C2505CD0064ED01 /* opacity.png in Resources */ = {isa = PBXBuildFile; fileRef = B8E651C01C2505CD0064ED01 /* opacity.png */; };
		B8E691BA1C1806D200392B7B /* 2 Home p2.png in Resources */ = {isa = PBXBuildFile; fileRef = B8E691B21C1806D200392B7B /* 2 Home p2.png */; };
		B8E691BB1C1806D200392B7B /* Artboard 18 Copy 2.png in Resources */ = {isa = PBXBuildFile; fileRef = B8E691B31C1806D200392B7B /* Artboard 18 Copy 2.png */; };
		B8E691BC1C1806D200392B7B /* map_live_big.png in Resources */ = {isa = PBXBuildFile; fileRef = B8E691B41C1806D200392B7B /* map_live_big.png */; };
		B8E691BD1C1806D200392B7B /* map_live_people.png in Resources */ = {isa = PBXBuildFile; fileRef = B8E691B51C1806D200392B7B /* map_live_people.png */; };
		B8E691BE1C1806D200392B7B /* map_pull_live.png in Resources */ = {isa = PBXBuildFile; fileRef = B8E691B61C1806D200392B7B /* map_pull_live.png */; };
		B8E691BF1C1806D200392B7B /* map_pull_people.png in Resources */ = {isa = PBXBuildFile; fileRef = B8E691B71C1806D200392B7B /* map_pull_people.png */; };
		B8E691C01C1806D200392B7B /* map_pull_point_select.png in Resources */ = {isa = PBXBuildFile; fileRef = B8E691B81C1806D200392B7B /* map_pull_point_select.png */; };
		B8E691C11C1806D200392B7B /* map_pull_point.png in Resources */ = {isa = PBXBuildFile; fileRef = B8E691B91C1806D200392B7B /* map_pull_point.png */; };
		B8E691C41C1806FB00392B7B /* IncidentView.m in Sources */ = {isa = PBXBuildFile; fileRef = B8E691C31C1806FB00392B7B /* IncidentView.m */; };
		B8E691C71C180D3400392B7B /* cameraViewController.m in Sources */ = {isa = PBXBuildFile; fileRef = B8E691C61C180D3400392B7B /* cameraViewController.m */; };
		B8E691C91C180D4100392B7B /* map_create.png in Resources */ = {isa = PBXBuildFile; fileRef = B8E691C81C180D4100392B7B /* map_create.png */; };
		B8E691CF1C18303400392B7B /* map_pull_live_yellow.png in Resources */ = {isa = PBXBuildFile; fileRef = B8E691CE1C18303400392B7B /* map_pull_live_yellow.png */; };
		B8E691D61C18354200392B7B /* PullView.m in Sources */ = {isa = PBXBuildFile; fileRef = B8E691D51C18354200392B7B /* PullView.m */; };
		B8E691DF1C19723300392B7B /* DotView.m in Sources */ = {isa = PBXBuildFile; fileRef = B8E691DE1C19723300392B7B /* DotView.m */; };
		B8E691E21C1977BF00392B7B /* incident_b2@2x.png in Resources */ = {isa = PBXBuildFile; fileRef = B8E691E01C1977BF00392B7B /* incident_b2@2x.png */; };
		B8E691E31C1977BF00392B7B /* incident_b1@2x.png in Resources */ = {isa = PBXBuildFile; fileRef = B8E691E11C1977BF00392B7B /* incident_b1@2x.png */; };
		B8E691E61C19789600392B7B /* CreateViewController.m in Sources */ = {isa = PBXBuildFile; fileRef = B8E691E51C19789600392B7B /* CreateViewController.m */; };
		B8E691F21C1E63CF00392B7B /* create_createlive.png in Resources */ = {isa = PBXBuildFile; fileRef = B8E691F11C1E63CF00392B7B /* create_createlive.png */; };
		B8E691F81C1E63E000392B7B /* photo_refresh.png in Resources */ = {isa = PBXBuildFile; fileRef = B8E691F31C1E63E000392B7B /* photo_refresh.png */; };
		B8E691F91C1E63E000392B7B /* photo_send_big.png in Resources */ = {isa = PBXBuildFile; fileRef = B8E691F41C1E63E000392B7B /* photo_send_big.png */; };
		B8E691FA1C1E63E000392B7B /* photo_send.png in Resources */ = {isa = PBXBuildFile; fileRef = B8E691F51C1E63E000392B7B /* photo_send.png */; };
		B8E691FB1C1E63E000392B7B /* photo_shoot.png in Resources */ = {isa = PBXBuildFile; fileRef = B8E691F61C1E63E000392B7B /* photo_shoot.png */; };
		B8E691FC1C1E63E000392B7B /* photo_sound.png in Resources */ = {isa = PBXBuildFile; fileRef = B8E691F71C1E63E000392B7B /* photo_sound.png */; };
		B8E692001C1E686A00392B7B /* video_back.png in Resources */ = {isa = PBXBuildFile; fileRef = B8E691FF1C1E686900392B7B /* video_back.png */; };
/* End PBXBuildFile section */

/* Begin PBXFileReference section */
		3E6A73F81C2933DD00F2F707 /* video_barrage_off_highlight.png */ = {isa = PBXFileReference; lastKnownFileType = image.png; path = video_barrage_off_highlight.png; sourceTree = "<group>"; };
		3E6A73F91C2933DD00F2F707 /* video_barrage_off.png */ = {isa = PBXFileReference; lastKnownFileType = image.png; path = video_barrage_off.png; sourceTree = "<group>"; };
		3E6A73FA1C2933DD00F2F707 /* video_barrage.png */ = {isa = PBXFileReference; lastKnownFileType = image.png; path = video_barrage.png; sourceTree = "<group>"; };
		3E6A73FB1C2933DD00F2F707 /* video_create.png */ = {isa = PBXFileReference; lastKnownFileType = image.png; path = video_create.png; sourceTree = "<group>"; };
		3E6A73FC1C2933DD00F2F707 /* video_like_highlight.png */ = {isa = PBXFileReference; lastKnownFileType = image.png; path = video_like_highlight.png; sourceTree = "<group>"; };
		3E6A73FD1C2933DD00F2F707 /* video_like.png */ = {isa = PBXFileReference; lastKnownFileType = image.png; path = video_like.png; sourceTree = "<group>"; };
		3E6A73FE1C2933DD00F2F707 /* video_next.png */ = {isa = PBXFileReference; lastKnownFileType = image.png; path = video_next.png; sourceTree = "<group>"; };
		3E6A73FF1C2933DD00F2F707 /* video_profile.png */ = {isa = PBXFileReference; lastKnownFileType = image.png; path = video_profile.png; sourceTree = "<group>"; };
		3E6A74001C2933DD00F2F707 /* video_push_blue.png */ = {isa = PBXFileReference; lastKnownFileType = image.png; path = video_push_blue.png; sourceTree = "<group>"; };
		3E6A74011C2933DD00F2F707 /* video_push_red.png */ = {isa = PBXFileReference; lastKnownFileType = image.png; path = video_push_red.png; sourceTree = "<group>"; };
		3E6A74021C2933DD00F2F707 /* video_push_yellow.png */ = {isa = PBXFileReference; lastKnownFileType = image.png; path = video_push_yellow.png; sourceTree = "<group>"; };
		3E8E6AAA1C181AF500897F03 /* soundViewController.h */ = {isa = PBXFileReference; fileEncoding = 4; lastKnownFileType = sourcecode.c.h; path = soundViewController.h; sourceTree = "<group>"; };
		3E8E6AAB1C181AF500897F03 /* soundViewController.m */ = {isa = PBXFileReference; fileEncoding = 4; lastKnownFileType = sourcecode.c.objc; path = soundViewController.m; sourceTree = "<group>"; };
		3EA42B451C1D1E2D006D0CB7 /* sceneViewController.h */ = {isa = PBXFileReference; fileEncoding = 4; lastKnownFileType = sourcecode.c.h; path = sceneViewController.h; sourceTree = "<group>"; };
		3EA42B461C1D1E2D006D0CB7 /* sceneViewController.m */ = {isa = PBXFileReference; fileEncoding = 4; lastKnownFileType = sourcecode.c.objc; path = sceneViewController.m; sourceTree = "<group>"; };
		3EA42B481C1D2CCD006D0CB7 /* postViewController.h */ = {isa = PBXFileReference; fileEncoding = 4; lastKnownFileType = sourcecode.c.h; path = postViewController.h; sourceTree = "<group>"; };
		3EA42B491C1D2CCD006D0CB7 /* postViewController.m */ = {isa = PBXFileReference; fileEncoding = 4; lastKnownFileType = sourcecode.c.objc; path = postViewController.m; sourceTree = "<group>"; };
		3EBBC1931C1539BB008C53CB /* MAMapKit.framework */ = {isa = PBXFileReference; lastKnownFileType = wrapper.framework; name = MAMapKit.framework; path = Pods/AMap2DMap/MAMapKit.framework; sourceTree = "<group>"; };
		3EBBC1951C1539C6008C53CB /* AMapSearchKit.framework */ = {isa = PBXFileReference; lastKnownFileType = wrapper.framework; name = AMapSearchKit.framework; path = Pods/AMapSearch/AMapSearchKit.framework; sourceTree = "<group>"; };
		3FDEBCDB569EA7EE40FE7AE2 /* Pods.debug.xcconfig */ = {isa = PBXFileReference; includeInIndex = 1; lastKnownFileType = text.xcconfig; name = Pods.debug.xcconfig; path = "Pods/Target Support Files/Pods/Pods.debug.xcconfig"; sourceTree = "<group>"; };
		75A56768EEA638E15239E03D /* libPods.a */ = {isa = PBXFileReference; explicitFileType = archive.ar; includeInIndex = 0; path = libPods.a; sourceTree = BUILT_PRODUCTS_DIR; };
		9BCDA592E0BD754126669508 /* Pods.release.xcconfig */ = {isa = PBXFileReference; includeInIndex = 1; lastKnownFileType = text.xcconfig; name = Pods.release.xcconfig; path = "Pods/Target Support Files/Pods/Pods.release.xcconfig"; sourceTree = "<group>"; };
		B81A653F1BEDD0E2008116E9 /* WeShow.app */ = {isa = PBXFileReference; explicitFileType = wrapper.application; includeInIndex = 0; path = WeShow.app; sourceTree = BUILT_PRODUCTS_DIR; };
		B81A65431BEDD0E2008116E9 /* main.m */ = {isa = PBXFileReference; lastKnownFileType = sourcecode.c.objc; path = main.m; sourceTree = "<group>"; };
		B81A65451BEDD0E2008116E9 /* AppDelegate.h */ = {isa = PBXFileReference; lastKnownFileType = sourcecode.c.h; path = AppDelegate.h; sourceTree = "<group>"; };
		B81A65461BEDD0E2008116E9 /* AppDelegate.m */ = {isa = PBXFileReference; lastKnownFileType = sourcecode.c.objc; path = AppDelegate.m; sourceTree = "<group>"; };
		B81A65531BEDD0E2008116E9 /* Info.plist */ = {isa = PBXFileReference; lastKnownFileType = text.plist.xml; path = Info.plist; sourceTree = "<group>"; };
		B81A65591BEDD14A008116E9 /* Default-568h@2x.png */ = {isa = PBXFileReference; lastKnownFileType = image.png; path = "Default-568h@2x.png"; sourceTree = "<group>"; };
		B81A655B1BEDD15A008116E9 /* PrefixHeader.pch */ = {isa = PBXFileReference; lastKnownFileType = sourcecode.c.h; path = PrefixHeader.pch; sourceTree = "<group>"; };
		B81A655C1BEDD163008116E9 /* ProjectDeclare */ = {isa = PBXFileReference; fileEncoding = 4; lastKnownFileType = text; path = ProjectDeclare; sourceTree = "<group>"; };
		B81A65611BEDD19A008116E9 /* DataCenterManager.h */ = {isa = PBXFileReference; fileEncoding = 4; lastKnownFileType = sourcecode.c.h; path = DataCenterManager.h; sourceTree = "<group>"; };
		B81A65621BEDD19A008116E9 /* DataCenterManager.m */ = {isa = PBXFileReference; fileEncoding = 4; lastKnownFileType = sourcecode.c.objc; path = DataCenterManager.m; sourceTree = "<group>"; };
		B81A65641BEDD19A008116E9 /* MainViewController.h */ = {isa = PBXFileReference; fileEncoding = 4; lastKnownFileType = sourcecode.c.h; path = MainViewController.h; sourceTree = "<group>"; };
		B81A65651BEDD19A008116E9 /* MainViewController.m */ = {isa = PBXFileReference; fileEncoding = 4; lastKnownFileType = sourcecode.c.objc; path = MainViewController.m; sourceTree = "<group>"; };
		B81A65671BEDD19A008116E9 /* AppUser.h */ = {isa = PBXFileReference; fileEncoding = 4; lastKnownFileType = sourcecode.c.h; path = AppUser.h; sourceTree = "<group>"; };
		B81A65681BEDD19A008116E9 /* AppUser.m */ = {isa = PBXFileReference; fileEncoding = 4; lastKnownFileType = sourcecode.c.objc; path = AppUser.m; sourceTree = "<group>"; };
		B81A656E1BEDD19A008116E9 /* NetWorkManager.h */ = {isa = PBXFileReference; fileEncoding = 4; lastKnownFileType = sourcecode.c.h; path = NetWorkManager.h; sourceTree = "<group>"; };
		B81A656F1BEDD19A008116E9 /* NetWorkManager.m */ = {isa = PBXFileReference; fileEncoding = 4; lastKnownFileType = sourcecode.c.objc; path = NetWorkManager.m; sourceTree = "<group>"; };
		B81A65701BEDD19A008116E9 /* URLAPI.h */ = {isa = PBXFileReference; fileEncoding = 4; lastKnownFileType = sourcecode.c.h; path = URLAPI.h; sourceTree = "<group>"; };
		B81A65721BEDD19A008116E9 /* NSDictionary+Utils.h */ = {isa = PBXFileReference; fileEncoding = 4; lastKnownFileType = sourcecode.c.h; path = "NSDictionary+Utils.h"; sourceTree = "<group>"; };
		B81A65731BEDD19A008116E9 /* NSDictionary+Utils.m */ = {isa = PBXFileReference; fileEncoding = 4; lastKnownFileType = sourcecode.c.objc; path = "NSDictionary+Utils.m"; sourceTree = "<group>"; };
		B81A65741BEDD19A008116E9 /* PodsUsage */ = {isa = PBXFileReference; fileEncoding = 4; lastKnownFileType = text; path = PodsUsage; sourceTree = "<group>"; };
		B81A65751BEDD19A008116E9 /* Tools.h */ = {isa = PBXFileReference; fileEncoding = 4; lastKnownFileType = sourcecode.c.h; path = Tools.h; sourceTree = "<group>"; };
		B81A65761BEDD19A008116E9 /* Tools.m */ = {isa = PBXFileReference; fileEncoding = 4; lastKnownFileType = sourcecode.c.objc; path = Tools.m; sourceTree = "<group>"; };
		B81A65771BEDD19A008116E9 /* UIView+Sizes.h */ = {isa = PBXFileReference; fileEncoding = 4; lastKnownFileType = sourcecode.c.h; path = "UIView+Sizes.h"; sourceTree = "<group>"; };
		B81A65781BEDD19A008116E9 /* UIView+Sizes.m */ = {isa = PBXFileReference; fileEncoding = 4; lastKnownFileType = sourcecode.c.objc; path = "UIView+Sizes.m"; sourceTree = "<group>"; };
		B81A657C1BEDD19A008116E9 /* ExampleDemo */ = {isa = PBXFileReference; fileEncoding = 4; lastKnownFileType = text; path = ExampleDemo; sourceTree = "<group>"; };
		B86D9D3F1C170EAB00D844B7 /* map_create.png */ = {isa = PBXFileReference; lastKnownFileType = image.png; path = map_create.png; sourceTree = "<group>"; };
		B86D9D401C170EAB00D844B7 /* map_history.png */ = {isa = PBXFileReference; lastKnownFileType = image.png; path = map_history.png; sourceTree = "<group>"; };
		B86D9D411C170EAB00D844B7 /* map_live.png */ = {isa = PBXFileReference; lastKnownFileType = image.png; path = map_live.png; sourceTree = "<group>"; };
		B86D9D421C170EAB00D844B7 /* map_location.png */ = {isa = PBXFileReference; lastKnownFileType = image.png; path = map_location.png; sourceTree = "<group>"; };
		B86D9D431C170EAB00D844B7 /* map_positioning.png */ = {isa = PBXFileReference; lastKnownFileType = image.png; path = map_positioning.png; sourceTree = "<group>"; };
		B86D9D441C170EAB00D844B7 /* map_profile.png */ = {isa = PBXFileReference; lastKnownFileType = image.png; path = map_profile.png; sourceTree = "<group>"; };
		B86D9D451C170EAB00D844B7 /* map_pull_down.png */ = {isa = PBXFileReference; lastKnownFileType = image.png; path = map_pull_down.png; sourceTree = "<group>"; };
		B86D9D461C170EAB00D844B7 /* map_pull_up.png */ = {isa = PBXFileReference; lastKnownFileType = image.png; path = map_pull_up.png; sourceTree = "<group>"; };
		B86D9D471C170EAB00D844B7 /* map_pull@2x.png */ = {isa = PBXFileReference; lastKnownFileType = image.png; path = "map_pull@2x.png"; sourceTree = "<group>"; };
		B86D9D481C170EAB00D844B7 /* map_range.png */ = {isa = PBXFileReference; lastKnownFileType = image.png; path = map_range.png; sourceTree = "<group>"; };
		B86D9D581C171CD900D844B7 /* map_background@2x.png */ = {isa = PBXFileReference; lastKnownFileType = image.png; path = "map_background@2x.png"; sourceTree = "<group>"; };
		B86D9D5A1C171F6200D844B7 /* PulsingHaloLayer.h */ = {isa = PBXFileReference; fileEncoding = 4; lastKnownFileType = sourcecode.c.h; path = PulsingHaloLayer.h; sourceTree = "<group>"; };
		B86D9D5B1C171F6200D844B7 /* PulsingHaloLayer.m */ = {isa = PBXFileReference; fileEncoding = 4; lastKnownFileType = sourcecode.c.objc; path = PulsingHaloLayer.m; sourceTree = "<group>"; };
		B87ADA341C250CCB00C841A5 /* navigationbar_bg.png */ = {isa = PBXFileReference; lastKnownFileType = image.png; path = navigationbar_bg.png; sourceTree = "<group>"; };
		B87ADA6F1C268D3A00C841A5 /* UINavigationBar+Awesome.h */ = {isa = PBXFileReference; fileEncoding = 4; lastKnownFileType = sourcecode.c.h; path = "UINavigationBar+Awesome.h"; sourceTree = "<group>"; };
		B87ADA701C268D3A00C841A5 /* UINavigationBar+Awesome.m */ = {isa = PBXFileReference; fileEncoding = 4; lastKnownFileType = sourcecode.c.objc; path = "UINavigationBar+Awesome.m"; sourceTree = "<group>"; };
		B87ADA721C2690E800C841A5 /* UserCenterViewController.h */ = {isa = PBXFileReference; fileEncoding = 4; lastKnownFileType = sourcecode.c.h; path = UserCenterViewController.h; sourceTree = "<group>"; };
		B87ADA731C2690E800C841A5 /* UserCenterViewController.m */ = {isa = PBXFileReference; fileEncoding = 4; lastKnownFileType = sourcecode.c.objc; path = UserCenterViewController.m; sourceTree = "<group>"; };
		B87ADA751C2690F200C841A5 /* ProfileViewController.h */ = {isa = PBXFileReference; fileEncoding = 4; lastKnownFileType = sourcecode.c.h; path = ProfileViewController.h; sourceTree = "<group>"; };
		B87ADA761C2690F200C841A5 /* ProfileViewController.m */ = {isa = PBXFileReference; fileEncoding = 4; lastKnownFileType = sourcecode.c.objc; path = ProfileViewController.m; sourceTree = "<group>"; };
		B87ADA781C2695FD00C841A5 /* history_found.png */ = {isa = PBXFileReference; lastKnownFileType = image.png; path = history_found.png; sourceTree = "<group>"; };
		B87ADA791C2695FD00C841A5 /* history_time.png */ = {isa = PBXFileReference; lastKnownFileType = image.png; path = history_time.png; sourceTree = "<group>"; };
		B87ADA7C1C26960800C841A5 /* history_like_highlight.png */ = {isa = PBXFileReference; lastKnownFileType = image.png; path = history_like_highlight.png; sourceTree = "<group>"; };
		B87ADA7D1C26960800C841A5 /* history_like.png */ = {isa = PBXFileReference; lastKnownFileType = image.png; path = history_like.png; sourceTree = "<group>"; };
		B87ADA7E1C26960800C841A5 /* history_mark.png */ = {isa = PBXFileReference; lastKnownFileType = image.png; path = history_mark.png; sourceTree = "<group>"; };
		B87ADA7F1C26960800C841A5 /* history_send.png */ = {isa = PBXFileReference; lastKnownFileType = image.png; path = history_send.png; sourceTree = "<group>"; };
		B87ADA801C26960800C841A5 /* history_trophy.png */ = {isa = PBXFileReference; lastKnownFileType = image.png; path = history_trophy.png; sourceTree = "<group>"; };
		B87ADA861C26964500C841A5 /* profile_more.png */ = {isa = PBXFileReference; lastKnownFileType = image.png; path = profile_more.png; sourceTree = "<group>"; };
		B87ADA871C26964500C841A5 /* profile_play.png */ = {isa = PBXFileReference; lastKnownFileType = image.png; path = profile_play.png; sourceTree = "<group>"; };
		B87ADA8A1C26965D00C841A5 /* feed_follow_highlight.png */ = {isa = PBXFileReference; lastKnownFileType = image.png; path = feed_follow_highlight.png; sourceTree = "<group>"; };
		B87ADA8B1C26965D00C841A5 /* feed_follow.png */ = {isa = PBXFileReference; lastKnownFileType = image.png; path = feed_follow.png; sourceTree = "<group>"; };
		B87ADA8C1C26965D00C841A5 /* feed_mine.png */ = {isa = PBXFileReference; lastKnownFileType = image.png; path = feed_mine.png; sourceTree = "<group>"; };
		B87ADA8D1C26965D00C841A5 /* feed_plus.png */ = {isa = PBXFileReference; lastKnownFileType = image.png; path = feed_plus.png; sourceTree = "<group>"; };
		B87ADA921C26985200C841A5 /* ImageMultiLineIncident.h */ = {isa = PBXFileReference; fileEncoding = 4; lastKnownFileType = sourcecode.c.h; path = ImageMultiLineIncident.h; sourceTree = "<group>"; };
		B87ADA931C26985200C841A5 /* ImageMultiLineIncident.m */ = {isa = PBXFileReference; fileEncoding = 4; lastKnownFileType = sourcecode.c.objc; path = ImageMultiLineIncident.m; sourceTree = "<group>"; };
		B87ADA951C269B9600C841A5 /* MultiIncidentScrollView.h */ = {isa = PBXFileReference; fileEncoding = 4; lastKnownFileType = sourcecode.c.h; path = MultiIncidentScrollView.h; sourceTree = "<group>"; };
		B87ADA961C269B9600C841A5 /* MultiIncidentScrollView.m */ = {isa = PBXFileReference; fileEncoding = 4; lastKnownFileType = sourcecode.c.objc; path = MultiIncidentScrollView.m; sourceTree = "<group>"; };
		B87ADA981C26A9A700C841A5 /* ProfileHeaderView.h */ = {isa = PBXFileReference; fileEncoding = 4; lastKnownFileType = sourcecode.c.h; path = ProfileHeaderView.h; sourceTree = "<group>"; };
		B87ADA991C26A9A700C841A5 /* ProfileHeaderView.m */ = {isa = PBXFileReference; fileEncoding = 4; lastKnownFileType = sourcecode.c.objc; path = ProfileHeaderView.m; sourceTree = "<group>"; };
		B87ADA9B1C26B07E00C841A5 /* MultiIncidentTableViewCell.h */ = {isa = PBXFileReference; fileEncoding = 4; lastKnownFileType = sourcecode.c.h; path = MultiIncidentTableViewCell.h; sourceTree = "<group>"; };
		B87ADA9C1C26B07E00C841A5 /* MultiIncidentTableViewCell.m */ = {isa = PBXFileReference; fileEncoding = 4; lastKnownFileType = sourcecode.c.objc; path = MultiIncidentTableViewCell.m; sourceTree = "<group>"; };
		B8929CAF1C27D17D0073E4BD /* OnelineView.h */ = {isa = PBXFileReference; fileEncoding = 4; lastKnownFileType = sourcecode.c.h; path = OnelineView.h; sourceTree = "<group>"; };
		B8929CB01C27D17D0073E4BD /* OnelineView.m */ = {isa = PBXFileReference; fileEncoding = 4; lastKnownFileType = sourcecode.c.objc; path = OnelineView.m; sourceTree = "<group>"; };
		B8929CB21C27D3A70073E4BD /* CommontView.h */ = {isa = PBXFileReference; fileEncoding = 4; lastKnownFileType = sourcecode.c.h; path = CommontView.h; sourceTree = "<group>"; };
		B8929CB31C27D3A70073E4BD /* CommontView.m */ = {isa = PBXFileReference; fileEncoding = 4; lastKnownFileType = sourcecode.c.objc; path = CommontView.m; sourceTree = "<group>"; };
		B8929CB51C27D9E60073E4BD /* NewPullView.h */ = {isa = PBXFileReference; fileEncoding = 4; lastKnownFileType = sourcecode.c.h; path = NewPullView.h; sourceTree = "<group>"; };
		B8929CB61C27D9E60073E4BD /* NewPullView.m */ = {isa = PBXFileReference; fileEncoding = 4; lastKnownFileType = sourcecode.c.objc; path = NewPullView.m; sourceTree = "<group>"; };
		B8929CB81C27DB5E0073E4BD /* IncidentViewNew.h */ = {isa = PBXFileReference; fileEncoding = 4; lastKnownFileType = sourcecode.c.h; path = IncidentViewNew.h; sourceTree = "<group>"; };
		B8929CB91C27DB5E0073E4BD /* IncidentViewNew.m */ = {isa = PBXFileReference; fileEncoding = 4; lastKnownFileType = sourcecode.c.objc; path = IncidentViewNew.m; sourceTree = "<group>"; };
		B8929CBB1C27EE7C0073E4BD /* UserIncidentTableViewCell.h */ = {isa = PBXFileReference; fileEncoding = 4; lastKnownFileType = sourcecode.c.h; path = UserIncidentTableViewCell.h; sourceTree = "<group>"; };
		B8929CBC1C27EE7C0073E4BD /* UserIncidentTableViewCell.m */ = {isa = PBXFileReference; fileEncoding = 4; lastKnownFileType = sourcecode.c.objc; path = UserIncidentTableViewCell.m; sourceTree = "<group>"; };
		B8929CBE1C27EF0C0073E4BD /* UserIncidentView.h */ = {isa = PBXFileReference; fileEncoding = 4; lastKnownFileType = sourcecode.c.h; path = UserIncidentView.h; sourceTree = "<group>"; };
		B8929CBF1C27EF0C0073E4BD /* UserIncidentView.m */ = {isa = PBXFileReference; fileEncoding = 4; lastKnownFileType = sourcecode.c.objc; path = UserIncidentView.m; sourceTree = "<group>"; };
		B8929CC11C27FE5F0073E4BD /* HistoryHeadView.h */ = {isa = PBXFileReference; fileEncoding = 4; lastKnownFileType = sourcecode.c.h; path = HistoryHeadView.h; sourceTree = "<group>"; };
		B8929CC21C27FE5F0073E4BD /* HistoryHeadView.m */ = {isa = PBXFileReference; fileEncoding = 4; lastKnownFileType = sourcecode.c.objc; path = HistoryHeadView.m; sourceTree = "<group>"; };
		B8929CC41C2800DA0073E4BD /* HistoryDetailTableViewCell.h */ = {isa = PBXFileReference; fileEncoding = 4; lastKnownFileType = sourcecode.c.h; path = HistoryDetailTableViewCell.h; sourceTree = "<group>"; };
		B8929CC51C2800DA0073E4BD /* HistoryDetailTableViewCell.m */ = {isa = PBXFileReference; fileEncoding = 4; lastKnownFileType = sourcecode.c.objc; path = HistoryDetailTableViewCell.m; sourceTree = "<group>"; };
		B8E651BA1C2502C00064ED01 /* HistoryViewController.h */ = {isa = PBXFileReference; fileEncoding = 4; lastKnownFileType = sourcecode.c.h; path = HistoryViewController.h; sourceTree = "<group>"; };
		B8E651BB1C2502C00064ED01 /* HistoryViewController.m */ = {isa = PBXFileReference; fileEncoding = 4; lastKnownFileType = sourcecode.c.objc; path = HistoryViewController.m; sourceTree = "<group>"; };
		B8E651BD1C2502CD0064ED01 /* HistoryDetailViewController.h */ = {isa = PBXFileReference; fileEncoding = 4; lastKnownFileType = sourcecode.c.h; path = HistoryDetailViewController.h; sourceTree = "<group>"; };
		B8E651BE1C2502CD0064ED01 /* HistoryDetailViewController.m */ = {isa = PBXFileReference; fileEncoding = 4; lastKnownFileType = sourcecode.c.objc; path = HistoryDetailViewController.m; sourceTree = "<group>"; };
		B8E651C01C2505CD0064ED01 /* opacity.png */ = {isa = PBXFileReference; lastKnownFileType = image.png; path = opacity.png; sourceTree = "<group>"; };
		B8E691B21C1806D200392B7B /* 2 Home p2.png */ = {isa = PBXFileReference; lastKnownFileType = image.png; path = "2 Home p2.png"; sourceTree = "<group>"; };
		B8E691B31C1806D200392B7B /* Artboard 18 Copy 2.png */ = {isa = PBXFileReference; lastKnownFileType = image.png; path = "Artboard 18 Copy 2.png"; sourceTree = "<group>"; };
		B8E691B41C1806D200392B7B /* map_live_big.png */ = {isa = PBXFileReference; lastKnownFileType = image.png; path = map_live_big.png; sourceTree = "<group>"; };
		B8E691B51C1806D200392B7B /* map_live_people.png */ = {isa = PBXFileReference; lastKnownFileType = image.png; path = map_live_people.png; sourceTree = "<group>"; };
		B8E691B61C1806D200392B7B /* map_pull_live.png */ = {isa = PBXFileReference; lastKnownFileType = image.png; path = map_pull_live.png; sourceTree = "<group>"; };
		B8E691B71C1806D200392B7B /* map_pull_people.png */ = {isa = PBXFileReference; lastKnownFileType = image.png; path = map_pull_people.png; sourceTree = "<group>"; };
		B8E691B81C1806D200392B7B /* map_pull_point_select.png */ = {isa = PBXFileReference; lastKnownFileType = image.png; path = map_pull_point_select.png; sourceTree = "<group>"; };
		B8E691B91C1806D200392B7B /* map_pull_point.png */ = {isa = PBXFileReference; lastKnownFileType = image.png; path = map_pull_point.png; sourceTree = "<group>"; };
		B8E691C21C1806FB00392B7B /* IncidentView.h */ = {isa = PBXFileReference; fileEncoding = 4; lastKnownFileType = sourcecode.c.h; path = IncidentView.h; sourceTree = "<group>"; };
		B8E691C31C1806FB00392B7B /* IncidentView.m */ = {isa = PBXFileReference; fileEncoding = 4; lastKnownFileType = sourcecode.c.objc; path = IncidentView.m; sourceTree = "<group>"; };
		B8E691C51C180D3400392B7B /* cameraViewController.h */ = {isa = PBXFileReference; fileEncoding = 4; lastKnownFileType = sourcecode.c.h; path = cameraViewController.h; sourceTree = "<group>"; };
		B8E691C61C180D3400392B7B /* cameraViewController.m */ = {isa = PBXFileReference; fileEncoding = 4; lastKnownFileType = sourcecode.c.objc; path = cameraViewController.m; sourceTree = "<group>"; };
		B8E691C81C180D4100392B7B /* map_create.png */ = {isa = PBXFileReference; lastKnownFileType = image.png; path = map_create.png; sourceTree = "<group>"; };
		B8E691CE1C18303400392B7B /* map_pull_live_yellow.png */ = {isa = PBXFileReference; lastKnownFileType = image.png; path = map_pull_live_yellow.png; sourceTree = "<group>"; };
		B8E691D41C18354200392B7B /* PullView.h */ = {isa = PBXFileReference; fileEncoding = 4; lastKnownFileType = sourcecode.c.h; path = PullView.h; sourceTree = "<group>"; };
		B8E691D51C18354200392B7B /* PullView.m */ = {isa = PBXFileReference; fileEncoding = 4; lastKnownFileType = sourcecode.c.objc; path = PullView.m; sourceTree = "<group>"; };
		B8E691DD1C19723300392B7B /* DotView.h */ = {isa = PBXFileReference; fileEncoding = 4; lastKnownFileType = sourcecode.c.h; path = DotView.h; sourceTree = "<group>"; };
		B8E691DE1C19723300392B7B /* DotView.m */ = {isa = PBXFileReference; fileEncoding = 4; lastKnownFileType = sourcecode.c.objc; path = DotView.m; sourceTree = "<group>"; };
		B8E691E01C1977BF00392B7B /* incident_b2@2x.png */ = {isa = PBXFileReference; lastKnownFileType = image.png; path = "incident_b2@2x.png"; sourceTree = "<group>"; };
		B8E691E11C1977BF00392B7B /* incident_b1@2x.png */ = {isa = PBXFileReference; lastKnownFileType = image.png; path = "incident_b1@2x.png"; sourceTree = "<group>"; };
		B8E691E41C19789600392B7B /* CreateViewController.h */ = {isa = PBXFileReference; fileEncoding = 4; lastKnownFileType = sourcecode.c.h; path = CreateViewController.h; sourceTree = "<group>"; };
		B8E691E51C19789600392B7B /* CreateViewController.m */ = {isa = PBXFileReference; fileEncoding = 4; lastKnownFileType = sourcecode.c.objc; path = CreateViewController.m; sourceTree = "<group>"; };
		B8E691F11C1E63CF00392B7B /* create_createlive.png */ = {isa = PBXFileReference; lastKnownFileType = image.png; path = create_createlive.png; sourceTree = "<group>"; };
		B8E691F31C1E63E000392B7B /* photo_refresh.png */ = {isa = PBXFileReference; lastKnownFileType = image.png; path = photo_refresh.png; sourceTree = "<group>"; };
		B8E691F41C1E63E000392B7B /* photo_send_big.png */ = {isa = PBXFileReference; lastKnownFileType = image.png; path = photo_send_big.png; sourceTree = "<group>"; };
		B8E691F51C1E63E000392B7B /* photo_send.png */ = {isa = PBXFileReference; lastKnownFileType = image.png; path = photo_send.png; sourceTree = "<group>"; };
		B8E691F61C1E63E000392B7B /* photo_shoot.png */ = {isa = PBXFileReference; lastKnownFileType = image.png; path = photo_shoot.png; sourceTree = "<group>"; };
		B8E691F71C1E63E000392B7B /* photo_sound.png */ = {isa = PBXFileReference; lastKnownFileType = image.png; path = photo_sound.png; sourceTree = "<group>"; };
		B8E691FF1C1E686900392B7B /* video_back.png */ = {isa = PBXFileReference; lastKnownFileType = image.png; path = video_back.png; sourceTree = "<group>"; };
/* End PBXFileReference section */

/* Begin PBXFrameworksBuildPhase section */
		B81A653C1BEDD0E2008116E9 /* Frameworks */ = {
			isa = PBXFrameworksBuildPhase;
			buildActionMask = 2147483647;
			files = (
				3EBBC1961C1539C6008C53CB /* AMapSearchKit.framework in Frameworks */,
				3EBBC1941C1539BB008C53CB /* MAMapKit.framework in Frameworks */,
				4DE17127B550BF5C66B1D71E /* libPods.a in Frameworks */,
			);
			runOnlyForDeploymentPostprocessing = 0;
		};
/* End PBXFrameworksBuildPhase section */

/* Begin PBXGroup section */
		22F850224892834757395EE4 /* Frameworks */ = {
			isa = PBXGroup;
			children = (
				3EBBC1951C1539C6008C53CB /* AMapSearchKit.framework */,
				3EBBC1931C1539BB008C53CB /* MAMapKit.framework */,
				75A56768EEA638E15239E03D /* libPods.a */,
			);
			name = Frameworks;
			sourceTree = "<group>";
		};
		B81A65361BEDD0E1008116E9 = {
			isa = PBXGroup;
			children = (
				B81A65411BEDD0E2008116E9 /* WeShow */,
				B81A65401BEDD0E2008116E9 /* Products */,
				BCD161D742EF91FF10181E50 /* Pods */,
				22F850224892834757395EE4 /* Frameworks */,
			);
			sourceTree = "<group>";
		};
		B81A65401BEDD0E2008116E9 /* Products */ = {
			isa = PBXGroup;
			children = (
				B81A653F1BEDD0E2008116E9 /* WeShow.app */,
			);
			name = Products;
			sourceTree = "<group>";
		};
		B81A65411BEDD0E2008116E9 /* WeShow */ = {
			isa = PBXGroup;
			children = (
				B81A655E1BEDD19A008116E9 /* Classes */,
				B81A655C1BEDD163008116E9 /* ProjectDeclare */,
				B81A65591BEDD14A008116E9 /* Default-568h@2x.png */,
				B81A655B1BEDD15A008116E9 /* PrefixHeader.pch */,
				B81A65451BEDD0E2008116E9 /* AppDelegate.h */,
				B81A65461BEDD0E2008116E9 /* AppDelegate.m */,
				B81A65531BEDD0E2008116E9 /* Info.plist */,
				B81A65421BEDD0E2008116E9 /* Supporting Files */,
			);
			path = WeShow;
			sourceTree = "<group>";
		};
		B81A65421BEDD0E2008116E9 /* Supporting Files */ = {
			isa = PBXGroup;
			children = (
				B81A65431BEDD0E2008116E9 /* main.m */,
			);
			name = "Supporting Files";
			sourceTree = "<group>";
		};
		B81A655E1BEDD19A008116E9 /* Classes */ = {
			isa = PBXGroup;
			children = (
				B86D9D3C1C170E9D00D844B7 /* Images */,
				B81A65601BEDD19A008116E9 /* DataCenter */,
				B81A65631BEDD19A008116E9 /* MainViewControllers */,
				B81A65661BEDD19A008116E9 /* Models */,
				B81A656D1BEDD19A008116E9 /* NetWork */,
				B81A65711BEDD19A008116E9 /* Utils */,
				B81A65791BEDD19A008116E9 /* ViewControllers */,
				B81A657D1BEDD19A008116E9 /* Views */,
			);
			path = Classes;
			sourceTree = "<group>";
		};
		B81A65601BEDD19A008116E9 /* DataCenter */ = {
			isa = PBXGroup;
			children = (
				B81A65611BEDD19A008116E9 /* DataCenterManager.h */,
				B81A65621BEDD19A008116E9 /* DataCenterManager.m */,
			);
			path = DataCenter;
			sourceTree = "<group>";
		};
		B81A65631BEDD19A008116E9 /* MainViewControllers */ = {
			isa = PBXGroup;
			children = (
				B81A65641BEDD19A008116E9 /* MainViewController.h */,
				B81A65651BEDD19A008116E9 /* MainViewController.m */,
			);
			path = MainViewControllers;
			sourceTree = "<group>";
		};
		B81A65661BEDD19A008116E9 /* Models */ = {
			isa = PBXGroup;
			children = (
				B81A65671BEDD19A008116E9 /* AppUser.h */,
				B81A65681BEDD19A008116E9 /* AppUser.m */,
			);
			path = Models;
			sourceTree = "<group>";
		};
		B81A656D1BEDD19A008116E9 /* NetWork */ = {
			isa = PBXGroup;
			children = (
				B81A656E1BEDD19A008116E9 /* NetWorkManager.h */,
				B81A656F1BEDD19A008116E9 /* NetWorkManager.m */,
				B81A65701BEDD19A008116E9 /* URLAPI.h */,
			);
			path = NetWork;
			sourceTree = "<group>";
		};
		B81A65711BEDD19A008116E9 /* Utils */ = {
			isa = PBXGroup;
			children = (
				B87ADA6F1C268D3A00C841A5 /* UINavigationBar+Awesome.h */,
				B87ADA701C268D3A00C841A5 /* UINavigationBar+Awesome.m */,
				B81A65721BEDD19A008116E9 /* NSDictionary+Utils.h */,
				B81A65731BEDD19A008116E9 /* NSDictionary+Utils.m */,
				B81A65741BEDD19A008116E9 /* PodsUsage */,
				B81A65751BEDD19A008116E9 /* Tools.h */,
				B81A65761BEDD19A008116E9 /* Tools.m */,
				B81A65771BEDD19A008116E9 /* UIView+Sizes.h */,
				B81A65781BEDD19A008116E9 /* UIView+Sizes.m */,
			);
			path = Utils;
			sourceTree = "<group>";
		};
		B81A65791BEDD19A008116E9 /* ViewControllers */ = {
			isa = PBXGroup;
			children = (
				B8E691E41C19789600392B7B /* CreateViewController.h */,
				B8E691E51C19789600392B7B /* CreateViewController.m */,
				B8E691C51C180D3400392B7B /* cameraViewController.h */,
				B8E691C61C180D3400392B7B /* cameraViewController.m */,
				3E8E6AAA1C181AF500897F03 /* soundViewController.h */,
				3E8E6AAB1C181AF500897F03 /* soundViewController.m */,
				3EA42B481C1D2CCD006D0CB7 /* postViewController.h */,
				3EA42B491C1D2CCD006D0CB7 /* postViewController.m */,
				3EA42B451C1D1E2D006D0CB7 /* sceneViewController.h */,
				3EA42B461C1D1E2D006D0CB7 /* sceneViewController.m */,
				B81A657C1BEDD19A008116E9 /* ExampleDemo */,
				B8E651BA1C2502C00064ED01 /* HistoryViewController.h */,
				B8E651BB1C2502C00064ED01 /* HistoryViewController.m */,
				B8E651BD1C2502CD0064ED01 /* HistoryDetailViewController.h */,
				B8E651BE1C2502CD0064ED01 /* HistoryDetailViewController.m */,
				B87ADA721C2690E800C841A5 /* UserCenterViewController.h */,
				B87ADA731C2690E800C841A5 /* UserCenterViewController.m */,
				B87ADA751C2690F200C841A5 /* ProfileViewController.h */,
				B87ADA761C2690F200C841A5 /* ProfileViewController.m */,
			);
			path = ViewControllers;
			sourceTree = "<group>";
		};
		B81A657D1BEDD19A008116E9 /* Views */ = {
			isa = PBXGroup;
			children = (
				B86D9D5A1C171F6200D844B7 /* PulsingHaloLayer.h */,
				B86D9D5B1C171F6200D844B7 /* PulsingHaloLayer.m */,
				B8E691C21C1806FB00392B7B /* IncidentView.h */,
				B8E691C31C1806FB00392B7B /* IncidentView.m */,
				B8929CB81C27DB5E0073E4BD /* IncidentViewNew.h */,
				B8929CB91C27DB5E0073E4BD /* IncidentViewNew.m */,
				B8E691D41C18354200392B7B /* PullView.h */,
				B8E691D51C18354200392B7B /* PullView.m */,
				B8929CB51C27D9E60073E4BD /* NewPullView.h */,
				B8929CB61C27D9E60073E4BD /* NewPullView.m */,
				B8E691DD1C19723300392B7B /* DotView.h */,
				B8E691DE1C19723300392B7B /* DotView.m */,
				B87ADA981C26A9A700C841A5 /* ProfileHeaderView.h */,
				B87ADA991C26A9A700C841A5 /* ProfileHeaderView.m */,
				B87ADA921C26985200C841A5 /* ImageMultiLineIncident.h */,
				B87ADA931C26985200C841A5 /* ImageMultiLineIncident.m */,
				B87ADA951C269B9600C841A5 /* MultiIncidentScrollView.h */,
				B87ADA961C269B9600C841A5 /* MultiIncidentScrollView.m */,
				B8929CAF1C27D17D0073E4BD /* OnelineView.h */,
				B8929CB01C27D17D0073E4BD /* OnelineView.m */,
				B8929CB21C27D3A70073E4BD /* CommontView.h */,
				B8929CB31C27D3A70073E4BD /* CommontView.m */,
				B87ADA9B1C26B07E00C841A5 /* MultiIncidentTableViewCell.h */,
				B87ADA9C1C26B07E00C841A5 /* MultiIncidentTableViewCell.m */,
				B8929CBB1C27EE7C0073E4BD /* UserIncidentTableViewCell.h */,
				B8929CBC1C27EE7C0073E4BD /* UserIncidentTableViewCell.m */,
				B8929CBE1C27EF0C0073E4BD /* UserIncidentView.h */,
				B8929CBF1C27EF0C0073E4BD /* UserIncidentView.m */,
				B8929CC11C27FE5F0073E4BD /* HistoryHeadView.h */,
				B8929CC21C27FE5F0073E4BD /* HistoryHeadView.m */,
				B8929CC41C2800DA0073E4BD /* HistoryDetailTableViewCell.h */,
				B8929CC51C2800DA0073E4BD /* HistoryDetailTableViewCell.m */,
			);
			path = Views;
			sourceTree = "<group>";
		};
		B86D9D3C1C170E9D00D844B7 /* Images */ = {
			isa = PBXGroup;
			children = (
				B87ADA8A1C26965D00C841A5 /* feed_follow_highlight.png */,
				3E6A73F81C2933DD00F2F707 /* video_barrage_off_highlight.png */,
				3E6A73F91C2933DD00F2F707 /* video_barrage_off.png */,
				3E6A73FA1C2933DD00F2F707 /* video_barrage.png */,
				3E6A73FB1C2933DD00F2F707 /* video_create.png */,
				3E6A73FC1C2933DD00F2F707 /* video_like_highlight.png */,
				3E6A73FD1C2933DD00F2F707 /* video_like.png */,
				3E6A73FE1C2933DD00F2F707 /* video_next.png */,
				3E6A73FF1C2933DD00F2F707 /* video_profile.png */,
				3E6A74001C2933DD00F2F707 /* video_push_blue.png */,
				3E6A74011C2933DD00F2F707 /* video_push_red.png */,
				3E6A74021C2933DD00F2F707 /* video_push_yellow.png */,
				B87ADA8B1C26965D00C841A5 /* feed_follow.png */,
				B87ADA8C1C26965D00C841A5 /* feed_mine.png */,
				B87ADA8D1C26965D00C841A5 /* feed_plus.png */,
				B87ADA861C26964500C841A5 /* profile_more.png */,
				B87ADA871C26964500C841A5 /* profile_play.png */,
				B87ADA7C1C26960800C841A5 /* history_like_highlight.png */,
				B87ADA7D1C26960800C841A5 /* history_like.png */,
				B87ADA7E1C26960800C841A5 /* history_mark.png */,
				B87ADA7F1C26960800C841A5 /* history_send.png */,
				B87ADA801C26960800C841A5 /* history_trophy.png */,
				B87ADA781C2695FD00C841A5 /* history_found.png */,
				B87ADA791C2695FD00C841A5 /* history_time.png */,
				B87ADA341C250CCB00C841A5 /* navigationbar_bg.png */,
				B8E651C01C2505CD0064ED01 /* opacity.png */,
				B8E691FF1C1E686900392B7B /* video_back.png */,
				B8E691F31C1E63E000392B7B /* photo_refresh.png */,
				B8E691F41C1E63E000392B7B /* photo_send_big.png */,
				B8E691F51C1E63E000392B7B /* photo_send.png */,
				B8E691F61C1E63E000392B7B /* photo_shoot.png */,
				B8E691F71C1E63E000392B7B /* photo_sound.png */,
				B8E691F11C1E63CF00392B7B /* create_createlive.png */,
				B8E691E01C1977BF00392B7B /* incident_b2@2x.png */,
				B8E691E11C1977BF00392B7B /* incident_b1@2x.png */,
				B8E691C81C180D4100392B7B /* map_create.png */,
				B8E691B21C1806D200392B7B /* 2 Home p2.png */,
				B8E691B31C1806D200392B7B /* Artboard 18 Copy 2.png */,
				B8E691B41C1806D200392B7B /* map_live_big.png */,
				B8E691B51C1806D200392B7B /* map_live_people.png */,
				B8E691B61C1806D200392B7B /* map_pull_live.png */,
				B8E691B71C1806D200392B7B /* map_pull_people.png */,
				B8E691B81C1806D200392B7B /* map_pull_point_select.png */,
				B8E691B91C1806D200392B7B /* map_pull_point.png */,
				B86D9D3F1C170EAB00D844B7 /* map_create.png */,
				B86D9D401C170EAB00D844B7 /* map_history.png */,
				B86D9D411C170EAB00D844B7 /* map_live.png */,
				B8E691CE1C18303400392B7B /* map_pull_live_yellow.png */,
				B86D9D421C170EAB00D844B7 /* map_location.png */,
				B86D9D431C170EAB00D844B7 /* map_positioning.png */,
				B86D9D441C170EAB00D844B7 /* map_profile.png */,
				B86D9D451C170EAB00D844B7 /* map_pull_down.png */,
				B86D9D581C171CD900D844B7 /* map_background@2x.png */,
				B86D9D461C170EAB00D844B7 /* map_pull_up.png */,
				B86D9D471C170EAB00D844B7 /* map_pull@2x.png */,
				B86D9D481C170EAB00D844B7 /* map_range.png */,
			);
			path = Images;
			sourceTree = "<group>";
		};
		BCD161D742EF91FF10181E50 /* Pods */ = {
			isa = PBXGroup;
			children = (
				3FDEBCDB569EA7EE40FE7AE2 /* Pods.debug.xcconfig */,
				9BCDA592E0BD754126669508 /* Pods.release.xcconfig */,
			);
			name = Pods;
			sourceTree = "<group>";
		};
/* End PBXGroup section */

/* Begin PBXNativeTarget section */
		B81A653E1BEDD0E2008116E9 /* WeShow */ = {
			isa = PBXNativeTarget;
			buildConfigurationList = B81A65561BEDD0E2008116E9 /* Build configuration list for PBXNativeTarget "WeShow" */;
			buildPhases = (
				AA350B6145F0D277837F0833 /* Check Pods Manifest.lock */,
				B81A653B1BEDD0E2008116E9 /* Sources */,
				B81A653C1BEDD0E2008116E9 /* Frameworks */,
				B81A653D1BEDD0E2008116E9 /* Resources */,
				88A3D52435427DF2244CF9C1 /* Embed Pods Frameworks */,
				DFBCDB1B52622ED63712B885 /* Copy Pods Resources */,
			);
			buildRules = (
			);
			dependencies = (
			);
			name = WeShow;
			productName = WeShow;
			productReference = B81A653F1BEDD0E2008116E9 /* WeShow.app */;
			productType = "com.apple.product-type.application";
		};
/* End PBXNativeTarget section */

/* Begin PBXProject section */
		B81A65371BEDD0E1008116E9 /* Project object */ = {
			isa = PBXProject;
			attributes = {
				LastUpgradeCheck = 0710;
				ORGANIZATIONNAME = Weibo;
				TargetAttributes = {
					B81A653E1BEDD0E2008116E9 = {
						CreatedOnToolsVersion = 7.1;
						DevelopmentTeam = Q4Y3Y3NH8S;
					};
				};
			};
			buildConfigurationList = B81A653A1BEDD0E1008116E9 /* Build configuration list for PBXProject "WeShow" */;
			compatibilityVersion = "Xcode 3.2";
			developmentRegion = English;
			hasScannedForEncodings = 0;
			knownRegions = (
				en,
				Base,
			);
			mainGroup = B81A65361BEDD0E1008116E9;
			productRefGroup = B81A65401BEDD0E2008116E9 /* Products */;
			projectDirPath = "";
			projectRoot = "";
			targets = (
				B81A653E1BEDD0E2008116E9 /* WeShow */,
			);
		};
/* End PBXProject section */

/* Begin PBXResourcesBuildPhase section */
		B81A653D1BEDD0E2008116E9 /* Resources */ = {
			isa = PBXResourcesBuildPhase;
			buildActionMask = 2147483647;
			files = (
				B86D9D591C171CD900D844B7 /* map_background@2x.png in Resources */,
				B87ADA821C26960800C841A5 /* history_like.png in Resources */,
				B8E691BE1C1806D200392B7B /* map_pull_live.png in Resources */,
				B8E691C91C180D4100392B7B /* map_create.png in Resources */,
				B8E691BC1C1806D200392B7B /* map_live_big.png in Resources */,
				B8E691E21C1977BF00392B7B /* incident_b2@2x.png in Resources */,
				B8E691F81C1E63E000392B7B /* photo_refresh.png in Resources */,
				B8E691F21C1E63CF00392B7B /* create_createlive.png in Resources */,
				B8E691FC1C1E63E000392B7B /* photo_sound.png in Resources */,
				B87ADA7A1C2695FD00C841A5 /* history_found.png in Resources */,
				B87ADA881C26964500C841A5 /* profile_more.png in Resources */,
				B8E692001C1E686A00392B7B /* video_back.png in Resources */,
				B8E691CF1C18303400392B7B /* map_pull_live_yellow.png in Resources */,
				B86D9D501C170EAB00D844B7 /* map_profile.png in Resources */,
				B8E691F91C1E63E000392B7B /* photo_send_big.png in Resources */,
				B87ADA891C26964500C841A5 /* profile_play.png in Resources */,
				B8E691FB1C1E63E000392B7B /* photo_shoot.png in Resources */,
				B86D9D4F1C170EAB00D844B7 /* map_positioning.png in Resources */,
				B87ADA351C250CCB00C841A5 /* navigationbar_bg.png in Resources */,
				B8E691C01C1806D200392B7B /* map_pull_point_select.png in Resources */,
				B8E691E31C1977BF00392B7B /* incident_b1@2x.png in Resources */,
				3E6A74031C2933DD00F2F707 /* video_barrage_off_highlight.png in Resources */,
				B87ADA8E1C26965D00C841A5 /* feed_follow_highlight.png in Resources */,
				B86D9D4C1C170EAB00D844B7 /* map_history.png in Resources */,
				3E6A740A1C2933DD00F2F707 /* video_profile.png in Resources */,
				B87ADA911C26965D00C841A5 /* feed_plus.png in Resources */,
				3E6A74041C2933DD00F2F707 /* video_barrage_off.png in Resources */,
				B81A658D1BEDD19A008116E9 /* ExampleDemo in Resources */,
				B86D9D511C170EAB00D844B7 /* map_pull_down.png in Resources */,
				B87ADA841C26960800C841A5 /* history_send.png in Resources */,
				B86D9D4D1C170EAB00D844B7 /* map_live.png in Resources */,
				3E6A74091C2933DD00F2F707 /* video_next.png in Resources */,
				B86D9D4E1C170EAB00D844B7 /* map_location.png in Resources */,
				3E6A740D1C2933DD00F2F707 /* video_push_yellow.png in Resources */,
				B8E651C11C2505CD0064ED01 /* opacity.png in Resources */,
				B8E691BB1C1806D200392B7B /* Artboard 18 Copy 2.png in Resources */,
				B8E691BF1C1806D200392B7B /* map_pull_people.png in Resources */,
				B8E691BD1C1806D200392B7B /* map_live_people.png in Resources */,
				B87ADA7B1C2695FD00C841A5 /* history_time.png in Resources */,
				B8E691C11C1806D200392B7B /* map_pull_point.png in Resources */,
				B86D9D531C170EAB00D844B7 /* map_pull@2x.png in Resources */,
				3E6A74051C2933DD00F2F707 /* video_barrage.png in Resources */,
				B86D9D541C170EAB00D844B7 /* map_range.png in Resources */,
				B87ADA831C26960800C841A5 /* history_mark.png in Resources */,
				3E6A74071C2933DD00F2F707 /* video_like_highlight.png in Resources */,
				B87ADA8F1C26965D00C841A5 /* feed_follow.png in Resources */,
				B81A65891BEDD19A008116E9 /* PodsUsage in Resources */,
				3E6A740C1C2933DD00F2F707 /* video_push_red.png in Resources */,
				B86D9D521C170EAB00D844B7 /* map_pull_up.png in Resources */,
				B81A655A1BEDD14A008116E9 /* Default-568h@2x.png in Resources */,
				B86D9D4B1C170EAB00D844B7 /* map_create.png in Resources */,
				B81A655D1BEDD163008116E9 /* ProjectDeclare in Resources */,
				B87ADA851C26960800C841A5 /* history_trophy.png in Resources */,
				B87ADA901C26965D00C841A5 /* feed_mine.png in Resources */,
				3E6A74081C2933DD00F2F707 /* video_like.png in Resources */,
				3E6A74061C2933DD00F2F707 /* video_create.png in Resources */,
				B8E691BA1C1806D200392B7B /* 2 Home p2.png in Resources */,
				B8E691FA1C1E63E000392B7B /* photo_send.png in Resources */,
				B87ADA811C26960800C841A5 /* history_like_highlight.png in Resources */,
				3E6A740B1C2933DD00F2F707 /* video_push_blue.png in Resources */,
			);
			runOnlyForDeploymentPostprocessing = 0;
		};
/* End PBXResourcesBuildPhase section */

/* Begin PBXShellScriptBuildPhase section */
		88A3D52435427DF2244CF9C1 /* Embed Pods Frameworks */ = {
			isa = PBXShellScriptBuildPhase;
			buildActionMask = 2147483647;
			files = (
			);
			inputPaths = (
			);
			name = "Embed Pods Frameworks";
			outputPaths = (
			);
			runOnlyForDeploymentPostprocessing = 0;
			shellPath = /bin/sh;
			shellScript = "\"${SRCROOT}/Pods/Target Support Files/Pods/Pods-frameworks.sh\"\n";
			showEnvVarsInLog = 0;
		};
		AA350B6145F0D277837F0833 /* Check Pods Manifest.lock */ = {
			isa = PBXShellScriptBuildPhase;
			buildActionMask = 2147483647;
			files = (
			);
			inputPaths = (
			);
			name = "Check Pods Manifest.lock";
			outputPaths = (
			);
			runOnlyForDeploymentPostprocessing = 0;
			shellPath = /bin/sh;
			shellScript = "diff \"${PODS_ROOT}/../Podfile.lock\" \"${PODS_ROOT}/Manifest.lock\" > /dev/null\nif [[ $? != 0 ]] ; then\n    cat << EOM\nerror: The sandbox is not in sync with the Podfile.lock. Run 'pod install' or update your CocoaPods installation.\nEOM\n    exit 1\nfi\n";
			showEnvVarsInLog = 0;
		};
		DFBCDB1B52622ED63712B885 /* Copy Pods Resources */ = {
			isa = PBXShellScriptBuildPhase;
			buildActionMask = 2147483647;
			files = (
			);
			inputPaths = (
			);
			name = "Copy Pods Resources";
			outputPaths = (
			);
			runOnlyForDeploymentPostprocessing = 0;
			shellPath = /bin/sh;
			shellScript = "\"${SRCROOT}/Pods/Target Support Files/Pods/Pods-resources.sh\"\n";
			showEnvVarsInLog = 0;
		};
/* End PBXShellScriptBuildPhase section */

/* Begin PBXSourcesBuildPhase section */
		B81A653B1BEDD0E2008116E9 /* Sources */ = {
			isa = PBXSourcesBuildPhase;
			buildActionMask = 2147483647;
			files = (
				B86D9D5C1C171F6200D844B7 /* PulsingHaloLayer.m in Sources */,
				B8E691C71C180D3400392B7B /* cameraViewController.m in Sources */,
				B87ADA741C2690E800C841A5 /* UserCenterViewController.m in Sources */,
				3EA42B471C1D1E2D006D0CB7 /* sceneViewController.m in Sources */,
				B8929CB71C27D9E60073E4BD /* NewPullView.m in Sources */,
				B8929CBA1C27DB5E0073E4BD /* IncidentViewNew.m in Sources */,
				B8929CBD1C27EE7C0073E4BD /* UserIncidentTableViewCell.m in Sources */,
				B81A65871BEDD19A008116E9 /* NetWorkManager.m in Sources */,
				B81A658A1BEDD19A008116E9 /* Tools.m in Sources */,
				B8929CC01C27EF0C0073E4BD /* UserIncidentView.m in Sources */,
				B8E691E61C19789600392B7B /* CreateViewController.m in Sources */,
				B87ADA771C2690F200C841A5 /* ProfileViewController.m in Sources */,
				B87ADA9D1C26B07E00C841A5 /* MultiIncidentTableViewCell.m in Sources */,
				B8929CB11C27D17D0073E4BD /* OnelineView.m in Sources */,
				B8E651BC1C2502C00064ED01 /* HistoryViewController.m in Sources */,
				B87ADA9A1C26A9A700C841A5 /* ProfileHeaderView.m in Sources */,
				B81A65821BEDD19A008116E9 /* DataCenterManager.m in Sources */,
				B81A658B1BEDD19A008116E9 /* UIView+Sizes.m in Sources */,
				B8E651BF1C2502CD0064ED01 /* HistoryDetailViewController.m in Sources */,
				B87ADA711C268D3A00C841A5 /* UINavigationBar+Awesome.m in Sources */,
				B81A65471BEDD0E2008116E9 /* AppDelegate.m in Sources */,
				B8929CC61C2800DA0073E4BD /* HistoryDetailTableViewCell.m in Sources */,
				B87ADA971C269B9600C841A5 /* MultiIncidentScrollView.m in Sources */,
				3EA42B4A1C1D2CCD006D0CB7 /* postViewController.m in Sources */,
				B8E691D61C18354200392B7B /* PullView.m in Sources */,
				B8E691DF1C19723300392B7B /* DotView.m in Sources */,
				B81A65841BEDD19A008116E9 /* AppUser.m in Sources */,
				B8929CB41C27D3A70073E4BD /* CommontView.m in Sources */,
				B87ADA941C26985200C841A5 /* ImageMultiLineIncident.m in Sources */,
				B81A65441BEDD0E2008116E9 /* main.m in Sources */,
				B8929CC31C27FE5F0073E4BD /* HistoryHeadView.m in Sources */,
				B81A65881BEDD19A008116E9 /* NSDictionary+Utils.m in Sources */,
				3E8E6AAC1C181AF500897F03 /* soundViewController.m in Sources */,
				B81A65831BEDD19A008116E9 /* MainViewController.m in Sources */,
				B8E691C41C1806FB00392B7B /* IncidentView.m in Sources */,
			);
			runOnlyForDeploymentPostprocessing = 0;
		};
/* End PBXSourcesBuildPhase section */

/* Begin XCBuildConfiguration section */
		B81A65541BEDD0E2008116E9 /* Debug */ = {
			isa = XCBuildConfiguration;
			buildSettings = {
				ALWAYS_SEARCH_USER_PATHS = NO;
				CLANG_CXX_LANGUAGE_STANDARD = "gnu++0x";
				CLANG_CXX_LIBRARY = "libc++";
				CLANG_ENABLE_MODULES = YES;
				CLANG_ENABLE_OBJC_ARC = YES;
				CLANG_WARN_BOOL_CONVERSION = YES;
				CLANG_WARN_CONSTANT_CONVERSION = YES;
				CLANG_WARN_DIRECT_OBJC_ISA_USAGE = YES_ERROR;
				CLANG_WARN_EMPTY_BODY = YES;
				CLANG_WARN_ENUM_CONVERSION = YES;
				CLANG_WARN_INT_CONVERSION = YES;
				CLANG_WARN_OBJC_ROOT_CLASS = YES_ERROR;
				CLANG_WARN_UNREACHABLE_CODE = YES;
				CLANG_WARN__DUPLICATE_METHOD_MATCH = YES;
				"CODE_SIGN_IDENTITY[sdk=iphoneos*]" = "iPhone Developer";
				COPY_PHASE_STRIP = NO;
				DEBUG_INFORMATION_FORMAT = dwarf;
				ENABLE_STRICT_OBJC_MSGSEND = YES;
				ENABLE_TESTABILITY = YES;
				GCC_C_LANGUAGE_STANDARD = gnu99;
				GCC_DYNAMIC_NO_PIC = NO;
				GCC_NO_COMMON_BLOCKS = YES;
				GCC_OPTIMIZATION_LEVEL = 0;
				GCC_PREPROCESSOR_DEFINITIONS = (
					"DEBUG=1",
					"$(inherited)",
				);
				GCC_WARN_64_TO_32_BIT_CONVERSION = YES;
				GCC_WARN_ABOUT_RETURN_TYPE = YES_ERROR;
				GCC_WARN_UNDECLARED_SELECTOR = YES;
				GCC_WARN_UNINITIALIZED_AUTOS = YES_AGGRESSIVE;
				GCC_WARN_UNUSED_FUNCTION = YES;
				GCC_WARN_UNUSED_VARIABLE = YES;
				IPHONEOS_DEPLOYMENT_TARGET = 9.1;
				MTL_ENABLE_DEBUG_INFO = YES;
				ONLY_ACTIVE_ARCH = YES;
				SDKROOT = iphoneos;
			};
			name = Debug;
		};
		B81A65551BEDD0E2008116E9 /* Release */ = {
			isa = XCBuildConfiguration;
			buildSettings = {
				ALWAYS_SEARCH_USER_PATHS = NO;
				CLANG_CXX_LANGUAGE_STANDARD = "gnu++0x";
				CLANG_CXX_LIBRARY = "libc++";
				CLANG_ENABLE_MODULES = YES;
				CLANG_ENABLE_OBJC_ARC = YES;
				CLANG_WARN_BOOL_CONVERSION = YES;
				CLANG_WARN_CONSTANT_CONVERSION = YES;
				CLANG_WARN_DIRECT_OBJC_ISA_USAGE = YES_ERROR;
				CLANG_WARN_EMPTY_BODY = YES;
				CLANG_WARN_ENUM_CONVERSION = YES;
				CLANG_WARN_INT_CONVERSION = YES;
				CLANG_WARN_OBJC_ROOT_CLASS = YES_ERROR;
				CLANG_WARN_UNREACHABLE_CODE = YES;
				CLANG_WARN__DUPLICATE_METHOD_MATCH = YES;
				"CODE_SIGN_IDENTITY[sdk=iphoneos*]" = "iPhone Developer";
				COPY_PHASE_STRIP = NO;
				DEBUG_INFORMATION_FORMAT = "dwarf-with-dsym";
				ENABLE_NS_ASSERTIONS = NO;
				ENABLE_STRICT_OBJC_MSGSEND = YES;
				GCC_C_LANGUAGE_STANDARD = gnu99;
				GCC_NO_COMMON_BLOCKS = YES;
				GCC_WARN_64_TO_32_BIT_CONVERSION = YES;
				GCC_WARN_ABOUT_RETURN_TYPE = YES_ERROR;
				GCC_WARN_UNDECLARED_SELECTOR = YES;
				GCC_WARN_UNINITIALIZED_AUTOS = YES_AGGRESSIVE;
				GCC_WARN_UNUSED_FUNCTION = YES;
				GCC_WARN_UNUSED_VARIABLE = YES;
				IPHONEOS_DEPLOYMENT_TARGET = 9.1;
				MTL_ENABLE_DEBUG_INFO = NO;
				SDKROOT = iphoneos;
				VALIDATE_PRODUCT = YES;
			};
			name = Release;
		};
		B81A65571BEDD0E2008116E9 /* Debug */ = {
			isa = XCBuildConfiguration;
			baseConfigurationReference = 3FDEBCDB569EA7EE40FE7AE2 /* Pods.debug.xcconfig */;
			buildSettings = {
				ASSETCATALOG_COMPILER_APPICON_NAME = AppIcon;
				CODE_SIGN_IDENTITY = "iPhone Developer";
				"CODE_SIGN_IDENTITY[sdk=iphoneos*]" = "iPhone Developer";
				FRAMEWORK_SEARCH_PATHS = (
					"$(inherited)",
					"$(PROJECT_DIR)/Pods/AMap2DMap",
					"$(PROJECT_DIR)/Pods/AMapSearch",
				);
				GCC_PRECOMPILE_PREFIX_HEADER = YES;
				GCC_PREFIX_HEADER = WeShow/PrefixHeader.pch;
				INFOPLIST_FILE = WeShow/Info.plist;
				LD_RUNPATH_SEARCH_PATHS = "$(inherited) @executable_path/Frameworks";
				PRODUCT_BUNDLE_IDENTIFIER = Weibo.WeShow.in;
				PRODUCT_NAME = "$(TARGET_NAME)";
				PROVISIONING_PROFILE = "";
			};
			name = Debug;
		};
		B81A65581BEDD0E2008116E9 /* Release */ = {
			isa = XCBuildConfiguration;
			baseConfigurationReference = 9BCDA592E0BD754126669508 /* Pods.release.xcconfig */;
			buildSettings = {
				ASSETCATALOG_COMPILER_APPICON_NAME = AppIcon;
				CODE_SIGN_IDENTITY = "iPhone Developer";
				"CODE_SIGN_IDENTITY[sdk=iphoneos*]" = "iPhone Developer";
				FRAMEWORK_SEARCH_PATHS = (
					"$(inherited)",
					"$(PROJECT_DIR)/Pods/AMap2DMap",
					"$(PROJECT_DIR)/Pods/AMapSearch",
				);
				GCC_PRECOMPILE_PREFIX_HEADER = YES;
				GCC_PREFIX_HEADER = WeShow/PrefixHeader.pch;
				INFOPLIST_FILE = WeShow/Info.plist;
				LD_RUNPATH_SEARCH_PATHS = "$(inherited) @executable_path/Frameworks";
				PRODUCT_BUNDLE_IDENTIFIER = Weibo.WeShow.in;
				PRODUCT_NAME = "$(TARGET_NAME)";
				PROVISIONING_PROFILE = "";
			};
			name = Release;
		};
/* End XCBuildConfiguration section */

/* Begin XCConfigurationList section */
		B81A653A1BEDD0E1008116E9 /* Build configuration list for PBXProject "WeShow" */ = {
			isa = XCConfigurationList;
			buildConfigurations = (
				B81A65541BEDD0E2008116E9 /* Debug */,
				B81A65551BEDD0E2008116E9 /* Release */,
			);
			defaultConfigurationIsVisible = 0;
			defaultConfigurationName = Release;
		};
		B81A65561BEDD0E2008116E9 /* Build configuration list for PBXNativeTarget "WeShow" */ = {
			isa = XCConfigurationList;
			buildConfigurations = (
				B81A65571BEDD0E2008116E9 /* Debug */,
				B81A65581BEDD0E2008116E9 /* Release */,
			);
			defaultConfigurationIsVisible = 0;
			defaultConfigurationName = Release;
		};
/* End XCConfigurationList section */
	};
	rootObject = B81A65371BEDD0E1008116E9 /* Project object */;
}
